
Microsoft Visual Studio Solution File, Format Version 12.00
# Visual Studio 15
VisualStudioVersion = 15.0.26430.14
MinimumVisualStudioVersion = 10.0.40219.1
Project("{FAE04EC0-301F-11D3-BF4B-00C04F79EFBC}") = "PersianDataAnnotations", "ASP.NET MVC\PersianDataAnnotations.csproj", "{D230F4B7-C93A-4824-9296-47C2DB8B8A09}"
EndProject
Project("{9A19103F-16F7-4668-BE54-9A1E7A4F7556}") = "PersianDataAnnotationsCore", "ASP.NET Core MVC\PersianDataAnnotationsCore.csproj", "{B8D4BB34-1B3B-48F4-9250-00C5B2760877}"
EndProject
Global
	GlobalSection(SolutionConfigurationPlatforms) = preSolution
		Debug|Any CPU = Debug|Any CPU
		Release|Any CPU = Release|Any CPU
	EndGlobalSection
	GlobalSection(ProjectConfigurationPlatforms) = postSolution
		{D230F4B7-C93A-4824-9296-47C2DB8B8A09}.Debug|Any CPU.ActiveCfg = Debug|Any CPU
		{D230F4B7-C93A-4824-9296-47C2DB8B8A09}.Debug|Any CPU.Build.0 = Debug|Any CPU
		{D230F4B7-C93A-4824-9296-47C2DB8B8A09}.Release|Any CPU.ActiveCfg = Release|Any CPU
		{D230F4B7-C93A-4824-9296-47C2DB8B8A09}.Release|Any CPU.Build.0 = Release|Any CPU
		{B8D4BB34-1B3B-48F4-9250-00C5B2760877}.Debug|Any CPU.ActiveCfg = Debug|Any CPU
		{B8D4BB34-1B3B-48F4-9250-00C5B2760877}.Debug|Any CPU.Build.0 = Debug|Any CPU
		{B8D4BB34-1B3B-48F4-9250-00C5B2760877}.Release|Any CPU.ActiveCfg = Release|Any CPU
		{B8D4BB34-1B3B-48F4-9250-00C5B2760877}.Release|Any CPU.Build.0 = Release|Any CPU
	EndGlobalSection
	GlobalSection(SolutionProperties) = preSolution
		HideSolutionNode = FALSE
	EndGlobalSection
EndGlobal
